
Microsoft Visual Studio Solution File, Format Version 12.00
# Visual Studio Version 16
VisualStudioVersion = 16.0.31702.278
MinimumVisualStudioVersion = 10.0.40219.1
Project("{FAE04EC0-301F-11D3-BF4B-00C04F79EFBC}") = "Generic_List", "Generic_List.csproj", "{ED5048DC-01D5-4605-BCAD-3C3BEDECB0AD}"
EndProject
Global
	GlobalSection(SolutionConfigurationPlatforms) = preSolution
		Debug|Any CPU = Debug|Any CPU
		Release|Any CPU = Release|Any CPU
	EndGlobalSection
	GlobalSection(ProjectConfigurationPlatforms) = postSolution
		{ED5048DC-01D5-4605-BCAD-3C3BEDECB0AD}.Debug|Any CPU.ActiveCfg = Debug|Any CPU
		{ED5048DC-01D5-4605-BCAD-3C3BEDECB0AD}.Debug|Any CPU.Build.0 = Debug|Any CPU
		{ED5048DC-01D5-4605-BCAD-3C3BEDECB0AD}.Release|Any CPU.ActiveCfg = Release|Any CPU
		{ED5048DC-01D5-4605-BCAD-3C3BEDECB0AD}.Release|Any CPU.Build.0 = Release|Any CPU
	EndGlobalSection
	GlobalSection(SolutionProperties) = preSolution
		HideSolutionNode = FALSE
	EndGlobalSection
	GlobalSection(ExtensibilityGlobals) = postSolution
		SolutionGuid = {48FF58CE-1704-44AC-BC59-7816235F1A0E}
	EndGlobalSection
EndGlobal
